schema: '2.0'
stages:
  retrieve_cve_dates:
    cmd: python3 dependency_search/retrieve_cve_dates.py data/cve_df_filename data/published_cve_df_filename
    deps:
    - path: data/cve_df_filename
      md5: 2edd1805e47670ff381b6e81f5b03463
      size: 60583695
    - path: dependency_search/retrieve_cve_dates.py
      md5: 6c06b8025c8079c103cc9b1b92d8ae08
      size: 2082
    outs:
    - path: data/published_cve_df_filename
      md5: cac0d75d900b0904b5f79c7e35a2beb9
      size: 775181
  retrieve_cve_info:
    cmd: python3 dependency_search/retrieve_cve_info.py data/published_cve_df_filename
      data/unique_cve_info-cvss_cwe_etc.parquet
    deps:
    - path: data/published_cve_df_filename
      md5: cac0d75d900b0904b5f79c7e35a2beb9
      size: 775181
    - path: dependency_search/retrieve_cve_info.py
      md5: ba0facbeba08c342c9b1816dd4310dc2
      size: 3326
    outs:
    - path: data/unique_cve_info-cvss_cwe_etc.parquet
      md5: ec6ccc5f5eb9e5cc54ef2349c1b2b544
      size: 328402
