schema: '2.0'
stages:
  retrieve_cve_dates:
    cmd: python3 dependency_search/retrieve_cve_dates.py data/cve_df_filename data/published_cve_df_filename
    deps:
    - path: data/cve_df_filename
      md5: 2edd1805e47670ff381b6e81f5b03463
      size: 60583695
    - path: dependency_search/retrieve_cve_dates.py
      md5: 1334463f333601c8a0b86ec9b69b6bbf
      size: 2064
    outs:
    - path: data/published_cve_df_filename
      md5: cac0d75d900b0904b5f79c7e35a2beb9
      size: 775181
  retrieve_cve_info:
    cmd: python3 cve_information/retrieve_cve_info.py data/published_cve_df_filename
      data/unique_cve_info-cvss_cwe_etc.parquet
    deps:
    - path: cve_information/retrieve_cve_info.py
      md5: 555e621cac7a1b3da6d461848175a5aa
      size: 3407
    - path: data/published_cve_df_filename
      md5: cac0d75d900b0904b5f79c7e35a2beb9
      size: 775181
    outs:
    - path: data/unique_cve_info-cvss_cwe_etc.parquet
      md5: 11d3d0ba71838bf742de7d766c736aa1
      size: 869228
  retrieve_project_info:
    cmd: python3 projects_stats/retrieve_metadata_from_WoC_mongodb.py data/cve_df_filename
      data/unique_project_info.parquet
    deps:
    - path: data/cve_df_filename
      md5: 2edd1805e47670ff381b6e81f5b03463
      size: 60583695
    - path: projects_stats/retrieve_metadata_from_WoC_mongodb.py
      md5: af3fe986de04dc659cfccf408d74ac17
      size: 9578
    outs:
    - path: data/unique_project_info.parquet
      md5: ab9166e42442236878e119a9c8fcfe49
      size: 2664107
  merge_cve_dates:
    cmd: python3 dependency_search/merge_cve_df_with_published_cve_df.py data/cve_df_filename
      data/published_cve_df_filename data/commits_with_published_cve_df
    deps:
    - path: data/cve_df_filename
      md5: 2edd1805e47670ff381b6e81f5b03463
      size: 60583695
    - path: data/published_cve_df_filename
      md5: cac0d75d900b0904b5f79c7e35a2beb9
      size: 775181
    - path: dependency_search/merge_cve_df_with_published_cve_df.py
      md5: 4e806ddf27616e15862d9cbcae7ae804
      size: 1000
    outs:
    - path: data/commits_with_published_cve_df
      md5: c60c6533f7ff85eb390ef6f99385aab6
      size: 58575700
  add_cvss_rankings:
    cmd: python3 cve_information/add_cvss_ranking.py data/unique_cve_info-cvss_cwe_etc.parquet
      data/unique_cve_info-cvss_cwe_ranking_etc.parquet
    deps:
    - path: cve_information/add_cvss_ranking.py
      md5: d02b54caec5c21431f6a1d9921527ee4
      size: 3434
    - path: data/unique_cve_info-cvss_cwe_etc.parquet
      md5: 11d3d0ba71838bf742de7d766c736aa1
      size: 869228
    outs:
    - path: data/unique_cve_info-cvss_cwe_ranking_etc.parquet
      md5: 338c991c34b7432414cb5f70046a8b7e
      size: 916419
  extension_to_language:
    cmd: python3 dependency_search/prepare_extension_to_language_dict.py data/extension_to_language.json
    deps:
    - path: dependency_search/prepare_extension_to_language_dict.py
      md5: 355116c3fa764839007208e247ba8740
      size: 2032
    - path: https://raw.githubusercontent.com/github/linguist/master/lib/linguist/languages.yml
      checksum: '"63d3d5d3b8efd4fd6b3bbe70490e6a60f3a47a934af098966717a242b04fb81b"'
      size: 136180
    outs:
    - path: data/extension_to_language.json
      md5: 1d02992b8f88b6502b110c192f85aba6
      size: 19299
