schema: '2.0'
stages:
  retrieve_cve_dates:
    cmd: python3 dependency_search/retrieve_cve_dates.py data/cve_df_filename data/published_cve_df_filename
    deps:
    - path: data/cve_df_filename
      md5: 2edd1805e47670ff381b6e81f5b03463
      size: 60583695
    - path: dependency_search/retrieve_cve_dates.py
      md5: 1334463f333601c8a0b86ec9b69b6bbf
      size: 2064
    outs:
    - path: data/published_cve_df_filename
      md5: cac0d75d900b0904b5f79c7e35a2beb9
      size: 775181
  retrieve_cve_info:
    cmd: python3 cve_information/retrieve_cve_info.py data/published_cve_df_filename
      data/unique_cve_info-cvss_cwe_etc.parquet
    deps:
    - path: cve_information/retrieve_cve_info.py
      md5: 555e621cac7a1b3da6d461848175a5aa
      size: 3407
    - path: data/published_cve_df_filename
      md5: cac0d75d900b0904b5f79c7e35a2beb9
      size: 775181
    outs:
    - path: data/unique_cve_info-cvss_cwe_etc.parquet
      md5: 11d3d0ba71838bf742de7d766c736aa1
      size: 869228
  retrieve_project_info:
    cmd: python3 projects_stats/retrieve_metadata_from_WoC_mongodb.py data/cve_df_filename
      data/unique_project_info.parquet
    deps:
    - path: data/cve_df_filename
      md5: 2edd1805e47670ff381b6e81f5b03463
      size: 60583695
    - path: projects_stats/retrieve_metadata_from_WoC_mongodb.py
      md5: af3fe986de04dc659cfccf408d74ac17
      size: 9578
    outs:
    - path: data/unique_project_info.parquet
      md5: ab9166e42442236878e119a9c8fcfe49
      size: 2664107
  merge_cve_dates:
    cmd: python3 dependency_search/merge_cve_df_with_published_cve_df.py data/cve_df_filename
      data/published_cve_df_filename data/commits_with_published_cve_df
    deps:
    - path: data/cve_df_filename
      md5: 2edd1805e47670ff381b6e81f5b03463
      size: 60583695
    - path: data/published_cve_df_filename
      md5: cac0d75d900b0904b5f79c7e35a2beb9
      size: 775181
    - path: dependency_search/merge_cve_df_with_published_cve_df.py
      md5: 92cde17947d19098c1d1a5a33f0afc56
      size: 1237
    outs:
    - path: data/commits_with_published_cve_df
      md5: 3e8506d1bba834b6edf8a5e7f3528037
      size: 76845293
  add_cvss_rankings:
    cmd: python3 cve_information/add_cvss_ranking.py data/unique_cve_info-cvss_cwe_etc.parquet
      data/unique_cve_info-cvss_cwe_ranking_etc.parquet
    deps:
    - path: cve_information/add_cvss_ranking.py
      md5: 2a6c2aaae82a0f4b77fc14f23fe43b50
      size: 4346
    - path: data/unique_cve_info-cvss_cwe_etc.parquet
      md5: 11d3d0ba71838bf742de7d766c736aa1
      size: 869228
    outs:
    - path: data/unique_cve_info-cvss_cwe_ranking_etc.parquet
      md5: 2fd6b6671e1c0b8c8c93049d58b294d4
      size: 917236
  extension_to_language:
    cmd: python3 dependency_search/prepare_extension_to_language_dict.py data/extension_to_language.json
    deps:
    - path: dependency_search/prepare_extension_to_language_dict.py
      md5: 355116c3fa764839007208e247ba8740
      size: 2032
    - path: https://raw.githubusercontent.com/github/linguist/master/lib/linguist/languages.yml
      checksum: '"63d3d5d3b8efd4fd6b3bbe70490e6a60f3a47a934af098966717a242b04fb81b"'
      size: 136180
    outs:
    - path: data/extension_to_language.json
      md5: 1d02992b8f88b6502b110c192f85aba6
      size: 19299
  languages_for_cve:
    cmd: python3 dependency_search/find_programming_language_for_cve.py data/commits_with_published_cve_df
      data/extension_to_language.json data/combined_df
    deps:
    - path: data/commits_with_published_cve_df
      md5: 3e8506d1bba834b6edf8a5e7f3528037
      size: 76845293
    - path: data/extension_to_language.json
      md5: 1d02992b8f88b6502b110c192f85aba6
      size: 19299
    - path: dependency_search/find_programming_language_for_cve.py
      md5: 260ae5fab08772353acd86546540ac51
      size: 3263
    outs:
    - path: data/combined_df
      md5: ee44b4e1b17386cdf5e43bce507ba2c1
      size: 80110439
  language_to_class:
    cmd: python3 dependency_search/prepare_language_to_class_dict.py data/language_to_class.json
    deps:
    - path: dependency_search/prepare_language_to_class_dict.py
      md5: 6a743e89e8bcec27515faa1bbc7fc0d8
      size: 3711
    outs:
    - path: data/language_to_class.json
      md5: 3de6771a0070cc9551d6b40ad849e2c8
      size: 4163
  clean_combined_df:
    cmd: python3 dependency_search/clean_data_before_cve_lifespan_calculation.py data/combined_df
      data/language_to_class.json data/cleaned_cve_df
    deps:
    - path: data/combined_df
      md5: ee44b4e1b17386cdf5e43bce507ba2c1
      size: 80110439
    - path: data/language_to_class.json
      md5: 3de6771a0070cc9551d6b40ad849e2c8
      size: 4163
    - path: dependency_search/clean_data_before_cve_lifespan_calculation.py
      md5: 3f0a9374659576b1c72d292ef13b2b96
      size: 4129
    outs:
    - path: data/cleaned_cve_df
      md5: 6a5e7a6ca78f408c6887685feb6c04f0
      size: 56035148
  compute_cve_lifespan:
    cmd: python3 dependency_search/calculate_cve_lifespan_per_project.py data/cleaned_cve_df
      data/language_to_class.json data/cve_lifespan_language_df data/cve_lifespan_df
    deps:
    - path: data/cleaned_cve_df
      md5: 6a5e7a6ca78f408c6887685feb6c04f0
      size: 56035148
    - path: data/language_to_class.json
      md5: 3de6771a0070cc9551d6b40ad849e2c8
      size: 4163
    - path: dependency_search/calculate_cve_lifespan_per_project.py
      md5: db7bb278185262f3d8aa2a73a662b924
      size: 15477
    outs:
    - path: data/cve_lifespan_df
      md5: f549b8e124694b97dcf6b1b1ce05d8aa
      size: 7748773
    - path: data/cve_lifespan_language_df
      md5: 1b043b2562d56b6a11596fd01dcbbb07
      size: 2049724
  merge_cve_info_into_lifespan:
    cmd: python3 dependency_search/merge_cve_info_and_cve_lifespan.py data/unique_cve_info-cvss_cwe_ranking_etc.parquet
      data/cve_lifespan_language_df data/cve_lifespan_df data/cve_survival_input_df
      data/cve_survival_input_most_used_language_df
    deps:
    - path: data/cve_lifespan_df
      md5: f549b8e124694b97dcf6b1b1ce05d8aa
      size: 7748773
    - path: data/cve_lifespan_language_df
      md5: 1b043b2562d56b6a11596fd01dcbbb07
      size: 2049724
    - path: data/unique_cve_info-cvss_cwe_ranking_etc.parquet
      md5: 2fd6b6671e1c0b8c8c93049d58b294d4
      size: 917236
    - path: dependency_search/merge_cve_info_and_cve_lifespan.py
      md5: d8fbc2694d8bd46735090bd1080d3b4d
      size: 1609
    outs:
    - path: data/cve_survival_input_df
      md5: 159163e9a3f9936fdc4a7993e2fbaf1c
      size: 1980380
    - path: data/cve_survival_input_most_used_language_df
      md5: 231a69f9a759c331502e47d3369f3a7c
      size: 9207992
  evaluate-cve_surv:
    cmd: python3 analysis/cve_surv_analysis.py --eval-path=eval/ data/cve_survival_input_df
    deps:
    - path: analysis/cve_surv_analysis.py
      md5: 2e13b7d160aa1dc16eaaea3ee3b9e889
      size: 32817
    - path: data/cve_survival_input_df
      md5: 159163e9a3f9936fdc4a7993e2fbaf1c
      size: 1980380
    params:
      params.yaml:
        eval.bootstrap_samples: 50
        eval.confidence: 0.95
        eval.cve_survival_analysis:
          risk_column_name: embargo_max
        eval.description: no additional filtering
    outs:
    - path: eval/cve_surv_group_metrics.csv
      md5: 7c3ba6936144bd44e5a99e4adb06751a
      size: 229
    - path: eval/cve_surv_metrics.json
      md5: 478f874296355947ba886ec5e122f6bc
      size: 462
    - path: eval/cve_surv_params.yaml
      md5: 7eada3ce396eeb74c7fc1ed7bca6cfb0
      size: 295
    - path: eval/cve_surv_statistics.csv
      md5: 14508b50a9a5c1541ae08715e6125b49
      size: 239
    - path: eval/cve_survival_function.png
      md5: 755c74c3374c20d47a700ea580f36117
      size: 33152
